{
  "nodes": {
    "devenv": {
      "locked": {
        "dir": "src/modules",
        "lastModified": 1778705971,
        "narHash": "sha256-n0LjnKBAjJ5/mgNzOCeVvAeHUrNMUZ3fBQx/UDCkHtQ=",
        "owner": "cachix",
        "repo": "devenv",
        "rev": "64d4353a3628c4138c84d8ba10987da2ba27fddd",
        "type": "github"
      },
      "original": {
        "dir": "src/modules",
        "owner": "cachix",
        "repo": "devenv",
        "type": "github"
      }
    },
    "nixpkgs": {
      "locked": {
        "lastModified": 1778672786,
        "narHash": "sha256-Blg88K1jwG+P0Mr27+rKMFCufdrWkV3wWh9AdYtz0FQ=",
        "owner": "NixOS",
        "repo": "nixpkgs",
        "rev": "eef00dfd8a712b34af845f9350bac681b1228bd1",
        "type": "github"
      },
      "original": {
        "owner": "NixOS",
        "ref": "nixpkgs-unstable",
        "repo": "nixpkgs",
        "type": "github"
      }
    },
    "root": {
      "inputs": {
        "devenv": "devenv",
        "nixpkgs": "nixpkgs",
        "rust-overlay": "rust-overlay"
      }
    },
    "rust-overlay": {
      "inputs": {
        "nixpkgs": [
          "nixpkgs"
        ]
      },
      "locked": {
        "lastModified": 1778642276,
        "narHash": "sha256-bhk4lawR4ZnFhPtamB5WkCyvfgyZmsEUbWfT/3FRxFY=",
        "owner": "oxalica",
        "repo": "rust-overlay",
        "rev": "77265d2dc1e61b2abfd3b1d6609dbb66fe75e0a5",
        "type": "github"
      },
      "original": {
        "owner": "oxalica",
        "repo": "rust-overlay",
        "type": "github"
      }
    }
  },
  "root": "root",
  "version": 7
}